
Microsoft Visual Studio Solution File, Format Version 12.00
# Visual Studio Version 16
VisualStudioVersion = 16.0.31424.327
MinimumVisualStudioVersion = 10.0.40219.1
Project("{D954291E-2A0B-460D-934E-DC6B0785DB48}") = "POSUNO.Shared", "POSUNO\POSUNO.Shared\POSUNO.Shared.shproj", "{6279C845-92F8-4333-AB99-3D213163593C}"
EndProject
Project("{2150E333-8FDC-42A3-9474-1A3956D46DE8}") = "Platforms", "Platforms", "{C9BBB596-8DBC-4831-88A4-960AC0FD983B}"
EndProject
Project("{FAE04EC0-301F-11D3-BF4B-00C04F79EFBC}") = "POSUNO.Droid", "POSUNO\POSUNO.Droid\POSUNO.Droid.csproj", "{A9C64684-102E-401F-8EDB-00530E0131C9}"
EndProject
Project("{FAE04EC0-301F-11D3-BF4B-00C04F79EFBC}") = "POSUNO.iOS", "POSUNO\POSUNO.iOS\POSUNO.iOS.csproj", "{FF43C010-D265-42A3-9A85-1011D31F2442}"
EndProject
Project("{FAE04EC0-301F-11D3-BF4B-00C04F79EFBC}") = "POSUNO.UWP", "POSUNO\POSUNO.UWP\POSUNO.UWP.csproj", "{935A1762-AC64-420F-B013-EBFBE9FEC42E}"
EndProject
Project("{FAE04EC0-301F-11D3-BF4B-00C04F79EFBC}") = "POSUNO.Wasm", "POSUNO\POSUNO.Wasm\POSUNO.Wasm.csproj", "{4CAFCF99-0C12-4D75-87A6-EDFB38DA913B}"
EndProject
Project("{FAE04EC0-301F-11D3-BF4B-00C04F79EFBC}") = "POSUNO.macOS", "POSUNO\POSUNO.macOS\POSUNO.macOS.csproj", "{F18908F6-A85C-44AD-8AB1-26480D4210C8}"
EndProject
Project("{FAE04EC0-301F-11D3-BF4B-00C04F79EFBC}") = "POSUNO.Skia.Wpf.Host", "POSUNO\POSUNO.Skia.Wpf.Host\POSUNO.Skia.Wpf.Host.csproj", "{B7149A02-21B7-42BA-BEC1-8C1D6FE0008F}"
EndProject
Project("{FAE04EC0-301F-11D3-BF4B-00C04F79EFBC}") = "POSUNO.Skia.Wpf", "POSUNO\POSUNO.Skia.Wpf\POSUNO.Skia.Wpf.csproj", "{FA4E2EA6-5D4F-47AA-A308-C750A9124431}"
EndProject
Project("{FAE04EC0-301F-11D3-BF4B-00C04F79EFBC}") = "POSUNO.Skia.Gtk", "POSUNO\POSUNO.Skia.Gtk\POSUNO.Skia.Gtk.csproj", "{3CFC2E55-E99A-459B-97AF-FDAF6C3979E6}"
EndProject
Project("{FAE04EC0-301F-11D3-BF4B-00C04F79EFBC}") = "POSUNO.Skia.Tizen", "POSUNO\POSUNO.Skia.Tizen\POSUNO.Skia.Tizen.csproj", "{6707DB02-F6D3-44E1-9244-5D21CDA4B5A6}"
EndProject
Project("{FAE04EC0-301F-11D3-BF4B-00C04F79EFBC}") = "POSUNO.Api", "POSUNO.Api\POSUNO.Api.csproj", "{18F08715-7F69-4F9E-9119-8E116D6380D3}"
EndProject
Global
	GlobalSection(SharedMSBuildProjectFiles) = preSolution
		POSUNO\POSUNO.Shared\POSUNO.Shared.projitems*{3cfc2e55-e99a-459b-97af-fdaf6c3979e6}*SharedItemsImports = 5
		POSUNO\POSUNO.Shared\POSUNO.Shared.projitems*{4cafcf99-0c12-4d75-87a6-edfb38da913b}*SharedItemsImports = 5
		POSUNO\POSUNO.Shared\POSUNO.Shared.projitems*{6279c845-92f8-4333-ab99-3d213163593c}*SharedItemsImports = 13
		POSUNO\POSUNO.Shared\POSUNO.Shared.projitems*{6707db02-f6d3-44e1-9244-5d21cda4b5a6}*SharedItemsImports = 5
		POSUNO\POSUNO.Shared\POSUNO.Shared.projitems*{935a1762-ac64-420f-b013-ebfbe9fec42e}*SharedItemsImports = 4
		POSUNO\POSUNO.Shared\POSUNO.Shared.projitems*{a9c64684-102e-401f-8edb-00530e0131c9}*SharedItemsImports = 4
		POSUNO\POSUNO.Shared\POSUNO.Shared.projitems*{f18908f6-a85c-44ad-8ab1-26480d4210c8}*SharedItemsImports = 4
		POSUNO\POSUNO.Shared\POSUNO.Shared.projitems*{fa4e2ea6-5d4f-47aa-a308-c750a9124431}*SharedItemsImports = 5
		POSUNO\POSUNO.Shared\POSUNO.Shared.projitems*{ff43c010-d265-42a3-9a85-1011d31f2442}*SharedItemsImports = 4
	EndGlobalSection
	GlobalSection(SolutionConfigurationPlatforms) = preSolution
		Ad-Hoc|Any CPU = Ad-Hoc|Any CPU
		Ad-Hoc|ARM = Ad-Hoc|ARM
		Ad-Hoc|ARM64 = Ad-Hoc|ARM64
		Ad-Hoc|iPhone = Ad-Hoc|iPhone
		Ad-Hoc|iPhoneSimulator = Ad-Hoc|iPhoneSimulator
		Ad-Hoc|x64 = Ad-Hoc|x64
		Ad-Hoc|x86 = Ad-Hoc|x86
		AppStore|Any CPU = AppStore|Any CPU
		AppStore|ARM = AppStore|ARM
		AppStore|ARM64 = AppStore|ARM64
		AppStore|iPhone = AppStore|iPhone
		AppStore|iPhoneSimulator = AppStore|iPhoneSimulator
		AppStore|x64 = AppStore|x64
		AppStore|x86 = AppStore|x86
		Debug|Any CPU = Debug|Any CPU
		Debug|ARM = Debug|ARM
		Debug|ARM64 = Debug|ARM64
		Debug|iPhone = Debug|iPhone
		Debug|iPhoneSimulator = Debug|iPhoneSimulator
		Debug|x64 = Debug|x64
		Debug|x86 = Debug|x86
		Release|Any CPU = Release|Any CPU
		Release|ARM = Release|ARM
		Release|ARM64 = Release|ARM64
		Release|iPhone = Release|iPhone
		Release|iPhoneSimulator = Release|iPhoneSimulator
		Release|x64 = Release|x64
		Release|x86 = Release|x86
	EndGlobalSection
	GlobalSection(ProjectConfigurationPlatforms) = postSolution
		{A9C64684-102E-401F-8EDB-00530E0131C9}.Ad-Hoc|Any CPU.ActiveCfg = Debug|Any CPU
		{A9C64684-102E-401F-8EDB-00530E0131C9}.Ad-Hoc|Any CPU.Build.0 = Debug|Any CPU
		{A9C64684-102E-401F-8EDB-00530E0131C9}.Ad-Hoc|Any CPU.Deploy.0 = Debug|Any CPU
		{A9C64684-102E-401F-8EDB-00530E0131C9}.Ad-Hoc|ARM.ActiveCfg = Debug|Any CPU
		{A9C64684-102E-401F-8EDB-00530E0131C9}.Ad-Hoc|ARM.Build.0 = Debug|Any CPU
		{A9C64684-102E-401F-8EDB-00530E0131C9}.Ad-Hoc|ARM.Deploy.0 = Debug|Any CPU
		{A9C64684-102E-401F-8EDB-00530E0131C9}.Ad-Hoc|ARM64.ActiveCfg = Debug|Any CPU
		{A9C64684-102E-401F-8EDB-00530E0131C9}.Ad-Hoc|ARM64.Build.0 = Debug|Any CPU
		{A9C64684-102E-401F-8EDB-00530E0131C9}.Ad-Hoc|ARM64.Deploy.0 = Debug|Any CPU
		{A9C64684-102E-401F-8EDB-00530E0131C9}.Ad-Hoc|iPhone.ActiveCfg = Debug|Any CPU
		{A9C64684-102E-401F-8EDB-00530E0131C9}.Ad-Hoc|iPhone.Build.0 = Debug|Any CPU
		{A9C64684-102E-401F-8EDB-00530E0131C9}.Ad-Hoc|iPhone.Deploy.0 = Debug|Any CPU
		{A9C64684-102E-401F-8EDB-00530E0131C9}.Ad-Hoc|iPhoneSimulator.ActiveCfg = Debug|Any CPU
		{A9C64684-102E-401F-8EDB-00530E0131C9}.Ad-Hoc|iPhoneSimulator.Build.0 = Debug|Any CPU
		{A9C64684-102E-401F-8EDB-00530E0131C9}.Ad-Hoc|iPhoneSimulator.Deploy.0 = Debug|Any CPU
		{A9C64684-102E-401F-8EDB-00530E0131C9}.Ad-Hoc|x64.ActiveCfg = Debug|Any CPU
		{A9C64684-102E-401F-8EDB-00530E0131C9}.Ad-Hoc|x64.Build.0 = Debug|Any CPU
		{A9C64684-102E-401F-8EDB-00530E0131C9}.Ad-Hoc|x64.Deploy.0 = Debug|Any CPU
		{A9C64684-102E-401F-8EDB-00530E0131C9}.Ad-Hoc|x86.ActiveCfg = Debug|Any CPU
		{A9C64684-102E-401F-8EDB-00530E0131C9}.Ad-Hoc|x86.Build.0 = Debug|Any CPU
		{A9C64684-102E-401F-8EDB-00530E0131C9}.Ad-Hoc|x86.Deploy.0 = Debug|Any CPU
		{A9C64684-102E-401F-8EDB-00530E0131C9}.AppStore|Any CPU.ActiveCfg = Debug|Any CPU
		{A9C64684-102E-401F-8EDB-00530E0131C9}.AppStore|Any CPU.Build.0 = Debug|Any CPU
		{A9C64684-102E-401F-8EDB-00530E0131C9}.AppStore|Any CPU.Deploy.0 = Debug|Any CPU
		{A9C64684-102E-401F-8EDB-00530E0131C9}.AppStore|ARM.ActiveCfg = Debug|Any CPU
		{A9C64684-102E-401F-8EDB-00530E0131C9}.AppStore|ARM.Build.0 = Debug|Any CPU
		{A9C64684-102E-401F-8EDB-00530E0131C9}.AppStore|ARM.Deploy.0 = Debug|Any CPU
		{A9C64684-102E-401F-8EDB-00530E0131C9}.AppStore|ARM64.ActiveCfg = Debug|Any CPU
		{A9C64684-102E-401F-8EDB-00530E0131C9}.AppStore|ARM64.Build.0 = Debug|Any CPU
		{A9C64684-102E-401F-8EDB-00530E0131C9}.AppStore|ARM64.Deploy.0 = Debug|Any CPU
		{A9C64684-102E-401F-8EDB-00530E0131C9}.AppStore|iPhone.ActiveCfg = Debug|Any CPU
		{A9C64684-102E-401F-8EDB-00530E0131C9}.AppStore|iPhone.Build.0 = Debug|Any CPU
		{A9C64684-102E-401F-8EDB-00530E0131C9}.AppStore|iPhone.Deploy.0 = Debug|Any CPU
		{A9C64684-102E-401F-8EDB-00530E0131C9}.AppStore|iPhoneSimulator.ActiveCfg = Debug|Any CPU
		{A9C64684-102E-401F-8EDB-00530E0131C9}.AppStore|iPhoneSimulator.Build.0 = Debug|Any CPU
		{A9C64684-102E-401F-8EDB-00530E0131C9}.AppStore|iPhoneSimulator.Deploy.0 = Debug|Any CPU
		{A9C64684-102E-401F-8EDB-00530E0131C9}.AppStore|x64.ActiveCfg = Debug|Any CPU
		{A9C64684-102E-401F-8EDB-00530E0131C9}.AppStore|x64.Build.0 = Debug|Any CPU
		{A9C64684-102E-401F-8EDB-00530E0131C9}.AppStore|x64.Deploy.0 = Debug|Any CPU
		{A9C64684-102E-401F-8EDB-00530E0131C9}.AppStore|x86.ActiveCfg = Debug|Any CPU
		{A9C64684-102E-401F-8EDB-00530E0131C9}.AppStore|x86.Build.0 = Debug|Any CPU
		{A9C64684-102E-401F-8EDB-00530E0131C9}.AppStore|x86.Deploy.0 = Debug|Any CPU
		{A9C64684-102E-401F-8EDB-00530E0131C9}.Debug|Any CPU.ActiveCfg = Debug|Any CPU
		{A9C64684-102E-401F-8EDB-00530E0131C9}.Debug|Any CPU.Build.0 = Debug|Any CPU
		{A9C64684-102E-401F-8EDB-00530E0131C9}.Debug|Any CPU.Deploy.0 = Debug|Any CPU
		{A9C64684-102E-401F-8EDB-00530E0131C9}.Debug|ARM.ActiveCfg = Debug|Any CPU
		{A9C64684-102E-401F-8EDB-00530E0131C9}.Debug|ARM.Build.0 = Debug|Any CPU
		{A9C64684-102E-401F-8EDB-00530E0131C9}.Debug|ARM.Deploy.0 = Debug|Any CPU
		{A9C64684-102E-401F-8EDB-00530E0131C9}.Debug|ARM64.ActiveCfg = Debug|Any CPU
		{A9C64684-102E-401F-8EDB-00530E0131C9}.Debug|ARM64.Build.0 = Debug|Any CPU
		{A9C64684-102E-401F-8EDB-00530E0131C9}.Debug|ARM64.Deploy.0 = Debug|Any CPU
		{A9C64684-102E-401F-8EDB-00530E0131C9}.Debug|iPhone.ActiveCfg = Debug|Any CPU
		{A9C64684-102E-401F-8EDB-00530E0131C9}.Debug|iPhone.Build.0 = Debug|Any CPU
		{A9C64684-102E-401F-8EDB-00530E0131C9}.Debug|iPhone.Deploy.0 = Debug|Any CPU
		{A9C64684-102E-401F-8EDB-00530E0131C9}.Debug|iPhoneSimulator.ActiveCfg = Debug|Any CPU
		{A9C64684-102E-401F-8EDB-00530E0131C9}.Debug|iPhoneSimulator.Build.0 = Debug|Any CPU
		{A9C64684-102E-401F-8EDB-00530E0131C9}.Debug|iPhoneSimulator.Deploy.0 = Debug|Any CPU
		{A9C64684-102E-401F-8EDB-00530E0131C9}.Debug|x64.ActiveCfg = Debug|Any CPU
		{A9C64684-102E-401F-8EDB-00530E0131C9}.Debug|x64.Build.0 = Debug|Any CPU
		{A9C64684-102E-401F-8EDB-00530E0131C9}.Debug|x64.Deploy.0 = Debug|Any CPU
		{A9C64684-102E-401F-8EDB-00530E0131C9}.Debug|x86.ActiveCfg = Debug|Any CPU
		{A9C64684-102E-401F-8EDB-00530E0131C9}.Debug|x86.Build.0 = Debug|Any CPU
		{A9C64684-102E-401F-8EDB-00530E0131C9}.Debug|x86.Deploy.0 = Debug|Any CPU
		{A9C64684-102E-401F-8EDB-00530E0131C9}.Release|Any CPU.ActiveCfg = Release|Any CPU
		{A9C64684-102E-401F-8EDB-00530E0131C9}.Release|Any CPU.Build.0 = Release|Any CPU
		{A9C64684-102E-401F-8EDB-00530E0131C9}.Release|Any CPU.Deploy.0 = Release|Any CPU
		{A9C64684-102E-401F-8EDB-00530E0131C9}.Release|ARM.ActiveCfg = Release|Any CPU
		{A9C64684-102E-401F-8EDB-00530E0131C9}.Release|ARM.Build.0 = Release|Any CPU
		{A9C64684-102E-401F-8EDB-00530E0131C9}.Release|ARM.Deploy.0 = Release|Any CPU
		{A9C64684-102E-401F-8EDB-00530E0131C9}.Release|ARM64.ActiveCfg = Release|Any CPU
		{A9C64684-102E-401F-8EDB-00530E0131C9}.Release|ARM64.Build.0 = Release|Any CPU
		{A9C64684-102E-401F-8EDB-00530E0131C9}.Release|ARM64.Deploy.0 = Release|Any CPU
		{A9C64684-102E-401F-8EDB-00530E0131C9}.Release|iPhone.ActiveCfg = Release|Any CPU
		{A9C64684-102E-401F-8EDB-00530E0131C9}.Release|iPhone.Build.0 = Release|Any CPU
		{A9C64684-102E-401F-8EDB-00530E0131C9}.Release|iPhone.Deploy.0 = Release|Any CPU
		{A9C64684-102E-401F-8EDB-00530E0131C9}.Release|iPhoneSimulator.ActiveCfg = Release|Any CPU
		{A9C64684-102E-401F-8EDB-00530E0131C9}.Release|iPhoneSimulator.Build.0 = Release|Any CPU
		{A9C64684-102E-401F-8EDB-00530E0131C9}.Release|iPhoneSimulator.Deploy.0 = Release|Any CPU
		{A9C64684-102E-401F-8EDB-00530E0131C9}.Release|x64.ActiveCfg = Release|Any CPU
		{A9C64684-102E-401F-8EDB-00530E0131C9}.Release|x64.Build.0 = Release|Any CPU
		{A9C64684-102E-401F-8EDB-00530E0131C9}.Release|x64.Deploy.0 = Release|Any CPU
		{A9C64684-102E-401F-8EDB-00530E0131C9}.Release|x86.ActiveCfg = Release|Any CPU
		{A9C64684-102E-401F-8EDB-00530E0131C9}.Release|x86.Build.0 = Release|Any CPU
		{A9C64684-102E-401F-8EDB-00530E0131C9}.Release|x86.Deploy.0 = Release|Any CPU
		{FF43C010-D265-42A3-9A85-1011D31F2442}.Ad-Hoc|Any CPU.ActiveCfg = Ad-Hoc|iPhoneSimulator
		{FF43C010-D265-42A3-9A85-1011D31F2442}.Ad-Hoc|ARM.ActiveCfg = Ad-Hoc|iPhoneSimulator
		{FF43C010-D265-42A3-9A85-1011D31F2442}.Ad-Hoc|ARM64.ActiveCfg = Ad-Hoc|iPhoneSimulator
		{FF43C010-D265-42A3-9A85-1011D31F2442}.Ad-Hoc|iPhone.ActiveCfg = Ad-Hoc|iPhone
		{FF43C010-D265-42A3-9A85-1011D31F2442}.Ad-Hoc|iPhone.Build.0 = Ad-Hoc|iPhone
		{FF43C010-D265-42A3-9A85-1011D31F2442}.Ad-Hoc|iPhoneSimulator.ActiveCfg = Ad-Hoc|iPhoneSimulator
		{FF43C010-D265-42A3-9A85-1011D31F2442}.Ad-Hoc|iPhoneSimulator.Build.0 = Ad-Hoc|iPhoneSimulator
		{FF43C010-D265-42A3-9A85-1011D31F2442}.Ad-Hoc|x64.ActiveCfg = Ad-Hoc|iPhoneSimulator
		{FF43C010-D265-42A3-9A85-1011D31F2442}.Ad-Hoc|x86.ActiveCfg = Ad-Hoc|iPhoneSimulator
		{FF43C010-D265-42A3-9A85-1011D31F2442}.AppStore|Any CPU.ActiveCfg = AppStore|iPhoneSimulator
		{FF43C010-D265-42A3-9A85-1011D31F2442}.AppStore|ARM.ActiveCfg = AppStore|iPhoneSimulator
		{FF43C010-D265-42A3-9A85-1011D31F2442}.AppStore|ARM64.ActiveCfg = AppStore|iPhoneSimulator
		{FF43C010-D265-42A3-9A85-1011D31F2442}.AppStore|iPhone.ActiveCfg = AppStore|iPhone
		{FF43C010-D265-42A3-9A85-1011D31F2442}.AppStore|iPhone.Build.0 = AppStore|iPhone
		{FF43C010-D265-42A3-9A85-1011D31F2442}.AppStore|iPhoneSimulator.ActiveCfg = AppStore|iPhoneSimulator
		{FF43C010-D265-42A3-9A85-1011D31F2442}.AppStore|iPhoneSimulator.Build.0 = AppStore|iPhoneSimulator
		{FF43C010-D265-42A3-9A85-1011D31F2442}.AppStore|x64.ActiveCfg = AppStore|iPhoneSimulator
		{FF43C010-D265-42A3-9A85-1011D31F2442}.AppStore|x86.ActiveCfg = AppStore|iPhoneSimulator
		{FF43C010-D265-42A3-9A85-1011D31F2442}.Debug|Any CPU.ActiveCfg = Debug|iPhoneSimulator
		{FF43C010-D265-42A3-9A85-1011D31F2442}.Debug|ARM.ActiveCfg = Debug|iPhoneSimulator
		{FF43C010-D265-42A3-9A85-1011D31F2442}.Debug|ARM64.ActiveCfg = Debug|iPhoneSimulator
		{FF43C010-D265-42A3-9A85-1011D31F2442}.Debug|iPhone.ActiveCfg = Debug|iPhone
		{FF43C010-D265-42A3-9A85-1011D31F2442}.Debug|iPhone.Build.0 = Debug|iPhone
		{FF43C010-D265-42A3-9A85-1011D31F2442}.Debug|iPhoneSimulator.ActiveCfg = Debug|iPhoneSimulator
		{FF43C010-D265-42A3-9A85-1011D31F2442}.Debug|iPhoneSimulator.Build.0 = Debug|iPhoneSimulator
		{FF43C010-D265-42A3-9A85-1011D31F2442}.Debug|x64.ActiveCfg = Debug|iPhoneSimulator
		{FF43C010-D265-42A3-9A85-1011D31F2442}.Debug|x86.ActiveCfg = Debug|iPhoneSimulator
		{FF43C010-D265-42A3-9A85-1011D31F2442}.Release|Any CPU.ActiveCfg = Release|iPhoneSimulator
		{FF43C010-D265-42A3-9A85-1011D31F2442}.Release|ARM.ActiveCfg = Release|iPhoneSimulator
		{FF43C010-D265-42A3-9A85-1011D31F2442}.Release|ARM64.ActiveCfg = Release|iPhoneSimulator
		{FF43C010-D265-42A3-9A85-1011D31F2442}.Release|iPhone.ActiveCfg = Release|iPhone
		{FF43C010-D265-42A3-9A85-1011D31F2442}.Release|iPhone.Build.0 = Release|iPhone
		{FF43C010-D265-42A3-9A85-1011D31F2442}.Release|iPhoneSimulator.ActiveCfg = Release|iPhoneSimulator
		{FF43C010-D265-42A3-9A85-1011D31F2442}.Release|iPhoneSimulator.Build.0 = Release|iPhoneSimulator
		{FF43C010-D265-42A3-9A85-1011D31F2442}.Release|x64.ActiveCfg = Release|iPhoneSimulator
		{FF43C010-D265-42A3-9A85-1011D31F2442}.Release|x86.ActiveCfg = Release|iPhoneSimulator
		{935A1762-AC64-420F-B013-EBFBE9FEC42E}.Ad-Hoc|Any CPU.ActiveCfg = Debug|x86
		{935A1762-AC64-420F-B013-EBFBE9FEC42E}.Ad-Hoc|Any CPU.Build.0 = Debug|x86
		{935A1762-AC64-420F-B013-EBFBE9FEC42E}.Ad-Hoc|Any CPU.Deploy.0 = Debug|x86
		{935A1762-AC64-420F-B013-EBFBE9FEC42E}.Ad-Hoc|ARM.ActiveCfg = Debug|ARM
		{935A1762-AC64-420F-B013-EBFBE9FEC42E}.Ad-Hoc|ARM.Build.0 = Debug|ARM
		{935A1762-AC64-420F-B013-EBFBE9FEC42E}.Ad-Hoc|ARM.Deploy.0 = Debug|ARM
		{935A1762-AC64-420F-B013-EBFBE9FEC42E}.Ad-Hoc|ARM64.ActiveCfg = Debug|ARM64
		{935A1762-AC64-420F-B013-EBFBE9FEC42E}.Ad-Hoc|ARM64.Build.0 = Debug|ARM64
		{935A1762-AC64-420F-B013-EBFBE9FEC42E}.Ad-Hoc|ARM64.Deploy.0 = Debug|ARM64
		{935A1762-AC64-420F-B013-EBFBE9FEC42E}.Ad-Hoc|iPhone.ActiveCfg = Debug|x86
		{935A1762-AC64-420F-B013-EBFBE9FEC42E}.Ad-Hoc|iPhone.Build.0 = Debug|x86
		{935A1762-AC64-420F-B013-EBFBE9FEC42E}.Ad-Hoc|iPhone.Deploy.0 = Debug|x86
		{935A1762-AC64-420F-B013-EBFBE9FEC42E}.Ad-Hoc|iPhoneSimulator.ActiveCfg = Debug|x86
		{935A1762-AC64-420F-B013-EBFBE9FEC42E}.Ad-Hoc|iPhoneSimulator.Build.0 = Debug|x86
		{935A1762-AC64-420F-B013-EBFBE9FEC42E}.Ad-Hoc|iPhoneSimulator.Deploy.0 = Debug|x86
		{935A1762-AC64-420F-B013-EBFBE9FEC42E}.Ad-Hoc|x64.ActiveCfg = Debug|x64
		{935A1762-AC64-420F-B013-EBFBE9FEC42E}.Ad-Hoc|x64.Build.0 = Debug|x64
		{935A1762-AC64-420F-B013-EBFBE9FEC42E}.Ad-Hoc|x64.Deploy.0 = Debug|x64
		{935A1762-AC64-420F-B013-EBFBE9FEC42E}.Ad-Hoc|x86.ActiveCfg = Debug|x86
		{935A1762-AC64-420F-B013-EBFBE9FEC42E}.Ad-Hoc|x86.Build.0 = Debug|x86
		{935A1762-AC64-420F-B013-EBFBE9FEC42E}.Ad-Hoc|x86.Deploy.0 = Debug|x86
		{935A1762-AC64-420F-B013-EBFBE9FEC42E}.AppStore|Any CPU.ActiveCfg = Debug|x86
		{935A1762-AC64-420F-B013-EBFBE9FEC42E}.AppStore|Any CPU.Build.0 = Debug|x86
		{935A1762-AC64-420F-B013-EBFBE9FEC42E}.AppStore|Any CPU.Deploy.0 = Debug|x86
		{935A1762-AC64-420F-B013-EBFBE9FEC42E}.AppStore|ARM.ActiveCfg = Debug|ARM
		{935A1762-AC64-420F-B013-EBFBE9FEC42E}.AppStore|ARM.Build.0 = Debug|ARM
		{935A1762-AC64-420F-B013-EBFBE9FEC42E}.AppStore|ARM.Deploy.0 = Debug|ARM
		{935A1762-AC64-420F-B013-EBFBE9FEC42E}.AppStore|ARM64.ActiveCfg = Debug|ARM64
		{935A1762-AC64-420F-B013-EBFBE9FEC42E}.AppStore|ARM64.Build.0 = Debug|ARM64
		{935A1762-AC64-420F-B013-EBFBE9FEC42E}.AppStore|ARM64.Deploy.0 = Debug|ARM64
		{935A1762-AC64-420F-B013-EBFBE9FEC42E}.AppStore|iPhone.ActiveCfg = Debug|x86
		{935A1762-AC64-420F-B013-EBFBE9FEC42E}.AppStore|iPhone.Build.0 = Debug|x86
		{935A1762-AC64-420F-B013-EBFBE9FEC42E}.AppStore|iPhone.Deploy.0 = Debug|x86
		{935A1762-AC64-420F-B013-EBFBE9FEC42E}.AppStore|iPhoneSimulator.ActiveCfg = Debug|x86
		{935A1762-AC64-420F-B013-EBFBE9FEC42E}.AppStore|iPhoneSimulator.Build.0 = Debug|x86
		{935A1762-AC64-420F-B013-EBFBE9FEC42E}.AppStore|iPhoneSimulator.Deploy.0 = Debug|x86
		{935A1762-AC64-420F-B013-EBFBE9FEC42E}.AppStore|x64.ActiveCfg = Debug|x64
		{935A1762-AC64-420F-B013-EBFBE9FEC42E}.AppStore|x64.Build.0 = Debug|x64
		{935A1762-AC64-420F-B013-EBFBE9FEC42E}.AppStore|x64.Deploy.0 = Debug|x64
		{935A1762-AC64-420F-B013-EBFBE9FEC42E}.AppStore|x86.ActiveCfg = Debug|x86
		{935A1762-AC64-420F-B013-EBFBE9FEC42E}.AppStore|x86.Build.0 = Debug|x86
		{935A1762-AC64-420F-B013-EBFBE9FEC42E}.AppStore|x86.Deploy.0 = Debug|x86
		{935A1762-AC64-420F-B013-EBFBE9FEC42E}.Debug|Any CPU.ActiveCfg = Debug|x86
		{935A1762-AC64-420F-B013-EBFBE9FEC42E}.Debug|Any CPU.Build.0 = Debug|x86
		{935A1762-AC64-420F-B013-EBFBE9FEC42E}.Debug|Any CPU.Deploy.0 = Debug|x86
		{935A1762-AC64-420F-B013-EBFBE9FEC42E}.Debug|ARM.ActiveCfg = Debug|ARM
		{935A1762-AC64-420F-B013-EBFBE9FEC42E}.Debug|ARM.Build.0 = Debug|ARM
		{935A1762-AC64-420F-B013-EBFBE9FEC42E}.Debug|ARM.Deploy.0 = Debug|ARM
		{935A1762-AC64-420F-B013-EBFBE9FEC42E}.Debug|ARM64.ActiveCfg = Debug|ARM64
		{935A1762-AC64-420F-B013-EBFBE9FEC42E}.Debug|ARM64.Build.0 = Debug|ARM64
		{935A1762-AC64-420F-B013-EBFBE9FEC42E}.Debug|ARM64.Deploy.0 = Debug|ARM64
		{935A1762-AC64-420F-B013-EBFBE9FEC42E}.Debug|iPhone.ActiveCfg = Debug|x86
		{935A1762-AC64-420F-B013-EBFBE9FEC42E}.Debug|iPhoneSimulator.ActiveCfg = Debug|x86
		{935A1762-AC64-420F-B013-EBFBE9FEC42E}.Debug|x64.ActiveCfg = Debug|x64
		{935A1762-AC64-420F-B013-EBFBE9FEC42E}.Debug|x64.Build.0 = Debug|x64
		{935A1762-AC64-420F-B013-EBFBE9FEC42E}.Debug|x64.Deploy.0 = Debug|x64
		{935A1762-AC64-420F-B013-EBFBE9FEC42E}.Debug|x86.ActiveCfg = Debug|x86
		{935A1762-AC64-420F-B013-EBFBE9FEC42E}.Debug|x86.Build.0 = Debug|x86
		{935A1762-AC64-420F-B013-EBFBE9FEC42E}.Debug|x86.Deploy.0 = Debug|x86
		{935A1762-AC64-420F-B013-EBFBE9FEC42E}.Release|Any CPU.ActiveCfg = Release|x86
		{935A1762-AC64-420F-B013-EBFBE9FEC42E}.Release|ARM.ActiveCfg = Release|ARM
		{935A1762-AC64-420F-B013-EBFBE9FEC42E}.Release|ARM.Build.0 = Release|ARM
		{935A1762-AC64-420F-B013-EBFBE9FEC42E}.Release|ARM.Deploy.0 = Release|ARM
		{935A1762-AC64-420F-B013-EBFBE9FEC42E}.Release|ARM64.ActiveCfg = Release|ARM64
		{935A1762-AC64-420F-B013-EBFBE9FEC42E}.Release|ARM64.Build.0 = Release|ARM64
		{935A1762-AC64-420F-B013-EBFBE9FEC42E}.Release|ARM64.Deploy.0 = Release|ARM64
		{935A1762-AC64-420F-B013-EBFBE9FEC42E}.Release|iPhone.ActiveCfg = Release|x86
		{935A1762-AC64-420F-B013-EBFBE9FEC42E}.Release|iPhoneSimulator.ActiveCfg = Release|x86
		{935A1762-AC64-420F-B013-EBFBE9FEC42E}.Release|x64.ActiveCfg = Release|x64
		{935A1762-AC64-420F-B013-EBFBE9FEC42E}.Release|x64.Build.0 = Release|x64
		{935A1762-AC64-420F-B013-EBFBE9FEC42E}.Release|x64.Deploy.0 = Release|x64
		{935A1762-AC64-420F-B013-EBFBE9FEC42E}.Release|x86.ActiveCfg = Release|x86
		{935A1762-AC64-420F-B013-EBFBE9FEC42E}.Release|x86.Build.0 = Release|x86
		{935A1762-AC64-420F-B013-EBFBE9FEC42E}.Release|x86.Deploy.0 = Release|x86
		{4CAFCF99-0C12-4D75-87A6-EDFB38DA913B}.Ad-Hoc|Any CPU.ActiveCfg = Debug|Any CPU
		{4CAFCF99-0C12-4D75-87A6-EDFB38DA913B}.Ad-Hoc|Any CPU.Build.0 = Debug|Any CPU
		{4CAFCF99-0C12-4D75-87A6-EDFB38DA913B}.Ad-Hoc|ARM.ActiveCfg = Debug|Any CPU
		{4CAFCF99-0C12-4D75-87A6-EDFB38DA913B}.Ad-Hoc|ARM.Build.0 = Debug|Any CPU
		{4CAFCF99-0C12-4D75-87A6-EDFB38DA913B}.Ad-Hoc|ARM64.ActiveCfg = Debug|Any CPU
		{4CAFCF99-0C12-4D75-87A6-EDFB38DA913B}.Ad-Hoc|ARM64.Build.0 = Debug|Any CPU
		{4CAFCF99-0C12-4D75-87A6-EDFB38DA913B}.Ad-Hoc|iPhone.ActiveCfg = Debug|Any CPU
		{4CAFCF99-0C12-4D75-87A6-EDFB38DA913B}.Ad-Hoc|iPhone.Build.0 = Debug|Any CPU
		{4CAFCF99-0C12-4D75-87A6-EDFB38DA913B}.Ad-Hoc|iPhoneSimulator.ActiveCfg = Debug|Any CPU
		{4CAFCF99-0C12-4D75-87A6-EDFB38DA913B}.Ad-Hoc|iPhoneSimulator.Build.0 = Debug|Any CPU
		{4CAFCF99-0C12-4D75-87A6-EDFB38DA913B}.Ad-Hoc|x64.ActiveCfg = Debug|Any CPU
		{4CAFCF99-0C12-4D75-87A6-EDFB38DA913B}.Ad-Hoc|x64.Build.0 = Debug|Any CPU
		{4CAFCF99-0C12-4D75-87A6-EDFB38DA913B}.Ad-Hoc|x86.ActiveCfg = Debug|Any CPU
		{4CAFCF99-0C12-4D75-87A6-EDFB38DA913B}.Ad-Hoc|x86.Build.0 = Debug|Any CPU
		{4CAFCF99-0C12-4D75-87A6-EDFB38DA913B}.AppStore|Any CPU.ActiveCfg = Debug|Any CPU
		{4CAFCF99-0C12-4D75-87A6-EDFB38DA913B}.AppStore|Any CPU.Build.0 = Debug|Any CPU
		{4CAFCF99-0C12-4D75-87A6-EDFB38DA913B}.AppStore|ARM.ActiveCfg = Debug|Any CPU
		{4CAFCF99-0C12-4D75-87A6-EDFB38DA913B}.AppStore|ARM.Build.0 = Debug|Any CPU
		{4CAFCF99-0C12-4D75-87A6-EDFB38DA913B}.AppStore|ARM64.ActiveCfg = Debug|Any CPU
		{4CAFCF99-0C12-4D75-87A6-EDFB38DA913B}.AppStore|ARM64.Build.0 = Debug|Any CPU
		{4CAFCF99-0C12-4D75-87A6-EDFB38DA913B}.AppStore|iPhone.ActiveCfg = Debug|Any CPU
		{4CAFCF99-0C12-4D75-87A6-EDFB38DA913B}.AppStore|iPhone.Build.0 = Debug|Any CPU
		{4CAFCF99-0C12-4D75-87A6-EDFB38DA913B}.AppStore|iPhoneSimulator.ActiveCfg = Debug|Any CPU
		{4CAFCF99-0C12-4D75-87A6-EDFB38DA913B}.AppStore|iPhoneSimulator.Build.0 = Debug|Any CPU
		{4CAFCF99-0C12-4D75-87A6-EDFB38DA913B}.AppStore|x64.ActiveCfg = Debug|Any CPU
		{4CAFCF99-0C12-4D75-87A6-EDFB38DA913B}.AppStore|x64.Build.0 = Debug|Any CPU
		{4CAFCF99-0C12-4D75-87A6-EDFB38DA913B}.AppStore|x86.ActiveCfg = Debug|Any CPU
		{4CAFCF99-0C12-4D75-87A6-EDFB38DA913B}.AppStore|x86.Build.0 = Debug|Any CPU
		{4CAFCF99-0C12-4D75-87A6-EDFB38DA913B}.Debug|Any CPU.ActiveCfg = Debug|Any CPU
		{4CAFCF99-0C12-4D75-87A6-EDFB38DA913B}.Debug|Any CPU.Build.0 = Debug|Any CPU
		{4CAFCF99-0C12-4D75-87A6-EDFB38DA913B}.Debug|ARM.ActiveCfg = Debug|Any CPU
		{4CAFCF99-0C12-4D75-87A6-EDFB38DA913B}.Debug|ARM.Build.0 = Debug|Any CPU
		{4CAFCF99-0C12-4D75-87A6-EDFB38DA913B}.Debug|ARM64.ActiveCfg = Debug|Any CPU
		{4CAFCF99-0C12-4D75-87A6-EDFB38DA913B}.Debug|ARM64.Build.0 = Debug|Any CPU
		{4CAFCF99-0C12-4D75-87A6-EDFB38DA913B}.Debug|iPhone.ActiveCfg = Debug|Any CPU
		{4CAFCF99-0C12-4D75-87A6-EDFB38DA913B}.Debug|iPhone.Build.0 = Debug|Any CPU
		{4CAFCF99-0C12-4D75-87A6-EDFB38DA913B}.Debug|iPhoneSimulator.ActiveCfg = Debug|Any CPU
		{4CAFCF99-0C12-4D75-87A6-EDFB38DA913B}.Debug|iPhoneSimulator.Build.0 = Debug|Any CPU
		{4CAFCF99-0C12-4D75-87A6-EDFB38DA913B}.Debug|x64.ActiveCfg = Debug|Any CPU
		{4CAFCF99-0C12-4D75-87A6-EDFB38DA913B}.Debug|x64.Build.0 = Debug|Any CPU
		{4CAFCF99-0C12-4D75-87A6-EDFB38DA913B}.Debug|x86.ActiveCfg = Debug|Any CPU
		{4CAFCF99-0C12-4D75-87A6-EDFB38DA913B}.Debug|x86.Build.0 = Debug|Any CPU
		{4CAFCF99-0C12-4D75-87A6-EDFB38DA913B}.Release|Any CPU.ActiveCfg = Release|Any CPU
		{4CAFCF99-0C12-4D75-87A6-EDFB38DA913B}.Release|Any CPU.Build.0 = Release|Any CPU
		{4CAFCF99-0C12-4D75-87A6-EDFB38DA913B}.Release|ARM.ActiveCfg = Release|Any CPU
		{4CAFCF99-0C12-4D75-87A6-EDFB38DA913B}.Release|ARM.Build.0 = Release|Any CPU
		{4CAFCF99-0C12-4D75-87A6-EDFB38DA913B}.Release|ARM64.ActiveCfg = Release|Any CPU
		{4CAFCF99-0C12-4D75-87A6-EDFB38DA913B}.Release|ARM64.Build.0 = Release|Any CPU
		{4CAFCF99-0C12-4D75-87A6-EDFB38DA913B}.Release|iPhone.ActiveCfg = Release|Any CPU
		{4CAFCF99-0C12-4D75-87A6-EDFB38DA913B}.Release|iPhone.Build.0 = Release|Any CPU
		{4CAFCF99-0C12-4D75-87A6-EDFB38DA913B}.Release|iPhoneSimulator.ActiveCfg = Release|Any CPU
		{4CAFCF99-0C12-4D75-87A6-EDFB38DA913B}.Release|iPhoneSimulator.Build.0 = Release|Any CPU
		{4CAFCF99-0C12-4D75-87A6-EDFB38DA913B}.Release|x64.ActiveCfg = Release|Any CPU
		{4CAFCF99-0C12-4D75-87A6-EDFB38DA913B}.Release|x64.Build.0 = Release|Any CPU
		{4CAFCF99-0C12-4D75-87A6-EDFB38DA913B}.Release|x86.ActiveCfg = Release|Any CPU
		{4CAFCF99-0C12-4D75-87A6-EDFB38DA913B}.Release|x86.Build.0 = Release|Any CPU
		{F18908F6-A85C-44AD-8AB1-26480D4210C8}.Ad-Hoc|Any CPU.ActiveCfg = Debug|iPhoneSimulator
		{F18908F6-A85C-44AD-8AB1-26480D4210C8}.Ad-Hoc|Any CPU.Build.0 = Debug|iPhoneSimulator
		{F18908F6-A85C-44AD-8AB1-26480D4210C8}.Ad-Hoc|ARM.ActiveCfg = Debug|iPhoneSimulator
		{F18908F6-A85C-44AD-8AB1-26480D4210C8}.Ad-Hoc|ARM.Build.0 = Debug|iPhoneSimulator
		{F18908F6-A85C-44AD-8AB1-26480D4210C8}.Ad-Hoc|ARM64.ActiveCfg = Debug|iPhoneSimulator
		{F18908F6-A85C-44AD-8AB1-26480D4210C8}.Ad-Hoc|ARM64.Build.0 = Debug|iPhoneSimulator
		{F18908F6-A85C-44AD-8AB1-26480D4210C8}.Ad-Hoc|iPhone.ActiveCfg = Debug|iPhoneSimulator
		{F18908F6-A85C-44AD-8AB1-26480D4210C8}.Ad-Hoc|iPhone.Build.0 = Debug|iPhoneSimulator
		{F18908F6-A85C-44AD-8AB1-26480D4210C8}.Ad-Hoc|iPhoneSimulator.ActiveCfg = Debug|iPhoneSimulator
		{F18908F6-A85C-44AD-8AB1-26480D4210C8}.Ad-Hoc|iPhoneSimulator.Build.0 = Debug|iPhoneSimulator
		{F18908F6-A85C-44AD-8AB1-26480D4210C8}.Ad-Hoc|x64.ActiveCfg = Debug|iPhoneSimulator
		{F18908F6-A85C-44AD-8AB1-26480D4210C8}.Ad-Hoc|x64.Build.0 = Debug|iPhoneSimulator
		{F18908F6-A85C-44AD-8AB1-26480D4210C8}.Ad-Hoc|x86.ActiveCfg = Debug|iPhoneSimulator
		{F18908F6-A85C-44AD-8AB1-26480D4210C8}.Ad-Hoc|x86.Build.0 = Debug|iPhoneSimulator
		{F18908F6-A85C-44AD-8AB1-26480D4210C8}.AppStore|Any CPU.ActiveCfg = Debug|iPhoneSimulator
		{F18908F6-A85C-44AD-8AB1-26480D4210C8}.AppStore|Any CPU.Build.0 = Debug|iPhoneSimulator
		{F18908F6-A85C-44AD-8AB1-26480D4210C8}.AppStore|ARM.ActiveCfg = Debug|iPhoneSimulator
		{F18908F6-A85C-44AD-8AB1-26480D4210C8}.AppStore|ARM.Build.0 = Debug|iPhoneSimulator
		{F18908F6-A85C-44AD-8AB1-26480D4210C8}.AppStore|ARM64.ActiveCfg = Debug|iPhoneSimulator
		{F18908F6-A85C-44AD-8AB1-26480D4210C8}.AppStore|ARM64.Build.0 = Debug|iPhoneSimulator
		{F18908F6-A85C-44AD-8AB1-26480D4210C8}.AppStore|iPhone.ActiveCfg = Debug|iPhoneSimulator
		{F18908F6-A85C-44AD-8AB1-26480D4210C8}.AppStore|iPhone.Build.0 = Debug|iPhoneSimulator
		{F18908F6-A85C-44AD-8AB1-26480D4210C8}.AppStore|iPhoneSimulator.ActiveCfg = Debug|iPhoneSimulator
		{F18908F6-A85C-44AD-8AB1-26480D4210C8}.AppStore|iPhoneSimulator.Build.0 = Debug|iPhoneSimulator
		{F18908F6-A85C-44AD-8AB1-26480D4210C8}.AppStore|x64.ActiveCfg = Debug|iPhoneSimulator
		{F18908F6-A85C-44AD-8AB1-26480D4210C8}.AppStore|x64.Build.0 = Debug|iPhoneSimulator
		{F18908F6-A85C-44AD-8AB1-26480D4210C8}.AppStore|x86.ActiveCfg = Debug|iPhoneSimulator
		{F18908F6-A85C-44AD-8AB1-26480D4210C8}.AppStore|x86.Build.0 = Debug|iPhoneSimulator
		{F18908F6-A85C-44AD-8AB1-26480D4210C8}.Debug|Any CPU.ActiveCfg = Debug|iPhoneSimulator
		{F18908F6-A85C-44AD-8AB1-26480D4210C8}.Debug|ARM.ActiveCfg = Debug|iPhoneSimulator
		{F18908F6-A85C-44AD-8AB1-26480D4210C8}.Debug|ARM64.ActiveCfg = Debug|iPhoneSimulator
		{F18908F6-A85C-44AD-8AB1-26480D4210C8}.Debug|iPhone.ActiveCfg = Debug|iPhoneSimulator
		{F18908F6-A85C-44AD-8AB1-26480D4210C8}.Debug|iPhoneSimulator.ActiveCfg = Debug|iPhoneSimulator
		{F18908F6-A85C-44AD-8AB1-26480D4210C8}.Debug|iPhoneSimulator.Build.0 = Debug|iPhoneSimulator
		{F18908F6-A85C-44AD-8AB1-26480D4210C8}.Debug|x64.ActiveCfg = Debug|iPhoneSimulator
		{F18908F6-A85C-44AD-8AB1-26480D4210C8}.Debug|x86.ActiveCfg = Debug|iPhoneSimulator
		{F18908F6-A85C-44AD-8AB1-26480D4210C8}.Release|Any CPU.ActiveCfg = Release|iPhoneSimulator
		{F18908F6-A85C-44AD-8AB1-26480D4210C8}.Release|ARM.ActiveCfg = Release|iPhoneSimulator
		{F18908F6-A85C-44AD-8AB1-26480D4210C8}.Release|ARM64.ActiveCfg = Release|iPhoneSimulator
		{F18908F6-A85C-44AD-8AB1-26480D4210C8}.Release|iPhone.ActiveCfg = Release|iPhoneSimulator
		{F18908F6-A85C-44AD-8AB1-26480D4210C8}.Release|iPhoneSimulator.ActiveCfg = Release|iPhoneSimulator
		{F18908F6-A85C-44AD-8AB1-26480D4210C8}.Release|iPhoneSimulator.Build.0 = Release|iPhoneSimulator
		{F18908F6-A85C-44AD-8AB1-26480D4210C8}.Release|x64.ActiveCfg = Release|iPhoneSimulator
		{F18908F6-A85C-44AD-8AB1-26480D4210C8}.Release|x86.ActiveCfg = Release|iPhoneSimulator
		{B7149A02-21B7-42BA-BEC1-8C1D6FE0008F}.Ad-Hoc|Any CPU.ActiveCfg = Debug|Any CPU
		{B7149A02-21B7-42BA-BEC1-8C1D6FE0008F}.Ad-Hoc|Any CPU.Build.0 = Debug|Any CPU
		{B7149A02-21B7-42BA-BEC1-8C1D6FE0008F}.Ad-Hoc|ARM.ActiveCfg = Debug|Any CPU
		{B7149A02-21B7-42BA-BEC1-8C1D6FE0008F}.Ad-Hoc|ARM.Build.0 = Debug|Any CPU
		{B7149A02-21B7-42BA-BEC1-8C1D6FE0008F}.Ad-Hoc|ARM64.ActiveCfg = Debug|Any CPU
		{B7149A02-21B7-42BA-BEC1-8C1D6FE0008F}.Ad-Hoc|ARM64.Build.0 = Debug|Any CPU
		{B7149A02-21B7-42BA-BEC1-8C1D6FE0008F}.Ad-Hoc|iPhone.ActiveCfg = Debug|Any CPU
		{B7149A02-21B7-42BA-BEC1-8C1D6FE0008F}.Ad-Hoc|iPhone.Build.0 = Debug|Any CPU
		{B7149A02-21B7-42BA-BEC1-8C1D6FE0008F}.Ad-Hoc|iPhoneSimulator.ActiveCfg = Debug|Any CPU
		{B7149A02-21B7-42BA-BEC1-8C1D6FE0008F}.Ad-Hoc|iPhoneSimulator.Build.0 = Debug|Any CPU
		{B7149A02-21B7-42BA-BEC1-8C1D6FE0008F}.Ad-Hoc|x64.ActiveCfg = Debug|Any CPU
		{B7149A02-21B7-42BA-BEC1-8C1D6FE0008F}.Ad-Hoc|x64.Build.0 = Debug|Any CPU
		{B7149A02-21B7-42BA-BEC1-8C1D6FE0008F}.Ad-Hoc|x86.ActiveCfg = Debug|Any CPU
		{B7149A02-21B7-42BA-BEC1-8C1D6FE0008F}.Ad-Hoc|x86.Build.0 = Debug|Any CPU
		{B7149A02-21B7-42BA-BEC1-8C1D6FE0008F}.AppStore|Any CPU.ActiveCfg = Debug|Any CPU
		{B7149A02-21B7-42BA-BEC1-8C1D6FE0008F}.AppStore|Any CPU.Build.0 = Debug|Any CPU
		{B7149A02-21B7-42BA-BEC1-8C1D6FE0008F}.AppStore|ARM.ActiveCfg = Debug|Any CPU
		{B7149A02-21B7-42BA-BEC1-8C1D6FE0008F}.AppStore|ARM.Build.0 = Debug|Any CPU
		{B7149A02-21B7-42BA-BEC1-8C1D6FE0008F}.AppStore|ARM64.ActiveCfg = Debug|Any CPU
		{B7149A02-21B7-42BA-BEC1-8C1D6FE0008F}.AppStore|ARM64.Build.0 = Debug|Any CPU
		{B7149A02-21B7-42BA-BEC1-8C1D6FE0008F}.AppStore|iPhone.ActiveCfg = Debug|Any CPU
		{B7149A02-21B7-42BA-BEC1-8C1D6FE0008F}.AppStore|iPhone.Build.0 = Debug|Any CPU
		{B7149A02-21B7-42BA-BEC1-8C1D6FE0008F}.AppStore|iPhoneSimulator.ActiveCfg = Debug|Any CPU
		{B7149A02-21B7-42BA-BEC1-8C1D6FE0008F}.AppStore|iPhoneSimulator.Build.0 = Debug|Any CPU
		{B7149A02-21B7-42BA-BEC1-8C1D6FE0008F}.AppStore|x64.ActiveCfg = Debug|Any CPU
		{B7149A02-21B7-42BA-BEC1-8C1D6FE0008F}.AppStore|x64.Build.0 = Debug|Any CPU
		{B7149A02-21B7-42BA-BEC1-8C1D6FE0008F}.AppStore|x86.ActiveCfg = Debug|Any CPU
		{B7149A02-21B7-42BA-BEC1-8C1D6FE0008F}.AppStore|x86.Build.0 = Debug|Any CPU
		{B7149A02-21B7-42BA-BEC1-8C1D6FE0008F}.Debug|Any CPU.ActiveCfg = Debug|Any CPU
		{B7149A02-21B7-42BA-BEC1-8C1D6FE0008F}.Debug|Any CPU.Build.0 = Debug|Any CPU
		{B7149A02-21B7-42BA-BEC1-8C1D6FE0008F}.Debug|ARM.ActiveCfg = Debug|Any CPU
		{B7149A02-21B7-42BA-BEC1-8C1D6FE0008F}.Debug|ARM.Build.0 = Debug|Any CPU
		{B7149A02-21B7-42BA-BEC1-8C1D6FE0008F}.Debug|ARM64.ActiveCfg = Debug|Any CPU
		{B7149A02-21B7-42BA-BEC1-8C1D6FE0008F}.Debug|ARM64.Build.0 = Debug|Any CPU
		{B7149A02-21B7-42BA-BEC1-8C1D6FE0008F}.Debug|iPhone.ActiveCfg = Debug|Any CPU
		{B7149A02-21B7-42BA-BEC1-8C1D6FE0008F}.Debug|iPhone.Build.0 = Debug|Any CPU
		{B7149A02-21B7-42BA-BEC1-8C1D6FE0008F}.Debug|iPhoneSimulator.ActiveCfg = Debug|Any CPU
		{B7149A02-21B7-42BA-BEC1-8C1D6FE0008F}.Debug|iPhoneSimulator.Build.0 = Debug|Any CPU
		{B7149A02-21B7-42BA-BEC1-8C1D6FE0008F}.Debug|x64.ActiveCfg = Debug|Any CPU
		{B7149A02-21B7-42BA-BEC1-8C1D6FE0008F}.Debug|x64.Build.0 = Debug|Any CPU
		{B7149A02-21B7-42BA-BEC1-8C1D6FE0008F}.Debug|x86.ActiveCfg = Debug|Any CPU
		{B7149A02-21B7-42BA-BEC1-8C1D6FE0008F}.Debug|x86.Build.0 = Debug|Any CPU
		{B7149A02-21B7-42BA-BEC1-8C1D6FE0008F}.Release|Any CPU.ActiveCfg = Release|Any CPU
		{B7149A02-21B7-42BA-BEC1-8C1D6FE0008F}.Release|Any CPU.Build.0 = Release|Any CPU
		{B7149A02-21B7-42BA-BEC1-8C1D6FE0008F}.Release|ARM.ActiveCfg = Release|Any CPU
		{B7149A02-21B7-42BA-BEC1-8C1D6FE0008F}.Release|ARM.Build.0 = Release|Any CPU
		{B7149A02-21B7-42BA-BEC1-8C1D6FE0008F}.Release|ARM64.ActiveCfg = Release|Any CPU
		{B7149A02-21B7-42BA-BEC1-8C1D6FE0008F}.Release|ARM64.Build.0 = Release|Any CPU
		{B7149A02-21B7-42BA-BEC1-8C1D6FE0008F}.Release|iPhone.ActiveCfg = Release|Any CPU
		{B7149A02-21B7-42BA-BEC1-8C1D6FE0008F}.Release|iPhone.Build.0 = Release|Any CPU
		{B7149A02-21B7-42BA-BEC1-8C1D6FE0008F}.Release|iPhoneSimulator.ActiveCfg = Release|Any CPU
		{B7149A02-21B7-42BA-BEC1-8C1D6FE0008F}.Release|iPhoneSimulator.Build.0 = Release|Any CPU
		{B7149A02-21B7-42BA-BEC1-8C1D6FE0008F}.Release|x64.ActiveCfg = Release|Any CPU
		{B7149A02-21B7-42BA-BEC1-8C1D6FE0008F}.Release|x64.Build.0 = Release|Any CPU
		{B7149A02-21B7-42BA-BEC1-8C1D6FE0008F}.Release|x86.ActiveCfg = Release|Any CPU
		{B7149A02-21B7-42BA-BEC1-8C1D6FE0008F}.Release|x86.Build.0 = Release|Any CPU
		{FA4E2EA6-5D4F-47AA-A308-C750A9124431}.Ad-Hoc|Any CPU.ActiveCfg = Debug|Any CPU
		{FA4E2EA6-5D4F-47AA-A308-C750A9124431}.Ad-Hoc|Any CPU.Build.0 = Debug|Any CPU
		{FA4E2EA6-5D4F-47AA-A308-C750A9124431}.Ad-Hoc|ARM.ActiveCfg = Debug|Any CPU
		{FA4E2EA6-5D4F-47AA-A308-C750A9124431}.Ad-Hoc|ARM.Build.0 = Debug|Any CPU
		{FA4E2EA6-5D4F-47AA-A308-C750A9124431}.Ad-Hoc|ARM64.ActiveCfg = Debug|Any CPU
		{FA4E2EA6-5D4F-47AA-A308-C750A9124431}.Ad-Hoc|ARM64.Build.0 = Debug|Any CPU
		{FA4E2EA6-5D4F-47AA-A308-C750A9124431}.Ad-Hoc|iPhone.ActiveCfg = Debug|Any CPU
		{FA4E2EA6-5D4F-47AA-A308-C750A9124431}.Ad-Hoc|iPhone.Build.0 = Debug|Any CPU
		{FA4E2EA6-5D4F-47AA-A308-C750A9124431}.Ad-Hoc|iPhoneSimulator.ActiveCfg = Debug|Any CPU
		{FA4E2EA6-5D4F-47AA-A308-C750A9124431}.Ad-Hoc|iPhoneSimulator.Build.0 = Debug|Any CPU
		{FA4E2EA6-5D4F-47AA-A308-C750A9124431}.Ad-Hoc|x64.ActiveCfg = Debug|Any CPU
		{FA4E2EA6-5D4F-47AA-A308-C750A9124431}.Ad-Hoc|x64.Build.0 = Debug|Any CPU
		{FA4E2EA6-5D4F-47AA-A308-C750A9124431}.Ad-Hoc|x86.ActiveCfg = Debug|Any CPU
		{FA4E2EA6-5D4F-47AA-A308-C750A9124431}.Ad-Hoc|x86.Build.0 = Debug|Any CPU
		{FA4E2EA6-5D4F-47AA-A308-C750A9124431}.AppStore|Any CPU.ActiveCfg = Debug|Any CPU
		{FA4E2EA6-5D4F-47AA-A308-C750A9124431}.AppStore|Any CPU.Build.0 = Debug|Any CPU
		{FA4E2EA6-5D4F-47AA-A308-C750A9124431}.AppStore|ARM.ActiveCfg = Debug|Any CPU
		{FA4E2EA6-5D4F-47AA-A308-C750A9124431}.AppStore|ARM.Build.0 = Debug|Any CPU
		{FA4E2EA6-5D4F-47AA-A308-C750A9124431}.AppStore|ARM64.ActiveCfg = Debug|Any CPU
		{FA4E2EA6-5D4F-47AA-A308-C750A9124431}.AppStore|ARM64.Build.0 = Debug|Any CPU
		{FA4E2EA6-5D4F-47AA-A308-C750A9124431}.AppStore|iPhone.ActiveCfg = Debug|Any CPU
		{FA4E2EA6-5D4F-47AA-A308-C750A9124431}.AppStore|iPhone.Build.0 = Debug|Any CPU
		{FA4E2EA6-5D4F-47AA-A308-C750A9124431}.AppStore|iPhoneSimulator.ActiveCfg = Debug|Any CPU
		{FA4E2EA6-5D4F-47AA-A308-C750A9124431}.AppStore|iPhoneSimulator.Build.0 = Debug|Any CPU
		{FA4E2EA6-5D4F-47AA-A308-C750A9124431}.AppStore|x64.ActiveCfg = Debug|Any CPU
		{FA4E2EA6-5D4F-47AA-A308-C750A9124431}.AppStore|x64.Build.0 = Debug|Any CPU
		{FA4E2EA6-5D4F-47AA-A308-C750A9124431}.AppStore|x86.ActiveCfg = Debug|Any CPU
		{FA4E2EA6-5D4F-47AA-A308-C750A9124431}.AppStore|x86.Build.0 = Debug|Any CPU
		{FA4E2EA6-5D4F-47AA-A308-C750A9124431}.Debug|Any CPU.ActiveCfg = Debug|Any CPU
		{FA4E2EA6-5D4F-47AA-A308-C750A9124431}.Debug|Any CPU.Build.0 = Debug|Any CPU
		{FA4E2EA6-5D4F-47AA-A308-C750A9124431}.Debug|ARM.ActiveCfg = Debug|Any CPU
		{FA4E2EA6-5D4F-47AA-A308-C750A9124431}.Debug|ARM.Build.0 = Debug|Any CPU
		{FA4E2EA6-5D4F-47AA-A308-C750A9124431}.Debug|ARM64.ActiveCfg = Debug|Any CPU
		{FA4E2EA6-5D4F-47AA-A308-C750A9124431}.Debug|ARM64.Build.0 = Debug|Any CPU
		{FA4E2EA6-5D4F-47AA-A308-C750A9124431}.Debug|iPhone.ActiveCfg = Debug|Any CPU
		{FA4E2EA6-5D4F-47AA-A308-C750A9124431}.Debug|iPhone.Build.0 = Debug|Any CPU
		{FA4E2EA6-5D4F-47AA-A308-C750A9124431}.Debug|iPhoneSimulator.ActiveCfg = Debug|Any CPU
		{FA4E2EA6-5D4F-47AA-A308-C750A9124431}.Debug|iPhoneSimulator.Build.0 = Debug|Any CPU
		{FA4E2EA6-5D4F-47AA-A308-C750A9124431}.Debug|x64.ActiveCfg = Debug|Any CPU
		{FA4E2EA6-5D4F-47AA-A308-C750A9124431}.Debug|x64.Build.0 = Debug|Any CPU
		{FA4E2EA6-5D4F-47AA-A308-C750A9124431}.Debug|x86.ActiveCfg = Debug|Any CPU
		{FA4E2EA6-5D4F-47AA-A308-C750A9124431}.Debug|x86.Build.0 = Debug|Any CPU
		{FA4E2EA6-5D4F-47AA-A308-C750A9124431}.Release|Any CPU.ActiveCfg = Release|Any CPU
		{FA4E2EA6-5D4F-47AA-A308-C750A9124431}.Release|Any CPU.Build.0 = Release|Any CPU
		{FA4E2EA6-5D4F-47AA-A308-C750A9124431}.Release|ARM.ActiveCfg = Release|Any CPU
		{FA4E2EA6-5D4F-47AA-A308-C750A9124431}.Release|ARM.Build.0 = Release|Any CPU
		{FA4E2EA6-5D4F-47AA-A308-C750A9124431}.Release|ARM64.ActiveCfg = Release|Any CPU
		{FA4E2EA6-5D4F-47AA-A308-C750A9124431}.Release|ARM64.Build.0 = Release|Any CPU
		{FA4E2EA6-5D4F-47AA-A308-C750A9124431}.Release|iPhone.ActiveCfg = Release|Any CPU
		{FA4E2EA6-5D4F-47AA-A308-C750A9124431}.Release|iPhone.Build.0 = Release|Any CPU
		{FA4E2EA6-5D4F-47AA-A308-C750A9124431}.Release|iPhoneSimulator.ActiveCfg = Release|Any CPU
		{FA4E2EA6-5D4F-47AA-A308-C750A9124431}.Release|iPhoneSimulator.Build.0 = Release|Any CPU
		{FA4E2EA6-5D4F-47AA-A308-C750A9124431}.Release|x64.ActiveCfg = Release|Any CPU
		{FA4E2EA6-5D4F-47AA-A308-C750A9124431}.Release|x64.Build.0 = Release|Any CPU
		{FA4E2EA6-5D4F-47AA-A308-C750A9124431}.Release|x86.ActiveCfg = Release|Any CPU
		{FA4E2EA6-5D4F-47AA-A308-C750A9124431}.Release|x86.Build.0 = Release|Any CPU
		{3CFC2E55-E99A-459B-97AF-FDAF6C3979E6}.Ad-Hoc|Any CPU.ActiveCfg = Debug|Any CPU
		{3CFC2E55-E99A-459B-97AF-FDAF6C3979E6}.Ad-Hoc|Any CPU.Build.0 = Debug|Any CPU
		{3CFC2E55-E99A-459B-97AF-FDAF6C3979E6}.Ad-Hoc|ARM.ActiveCfg = Debug|Any CPU
		{3CFC2E55-E99A-459B-97AF-FDAF6C3979E6}.Ad-Hoc|ARM.Build.0 = Debug|Any CPU
		{3CFC2E55-E99A-459B-97AF-FDAF6C3979E6}.Ad-Hoc|ARM64.ActiveCfg = Debug|Any CPU
		{3CFC2E55-E99A-459B-97AF-FDAF6C3979E6}.Ad-Hoc|ARM64.Build.0 = Debug|Any CPU
		{3CFC2E55-E99A-459B-97AF-FDAF6C3979E6}.Ad-Hoc|iPhone.ActiveCfg = Debug|Any CPU
		{3CFC2E55-E99A-459B-97AF-FDAF6C3979E6}.Ad-Hoc|iPhone.Build.0 = Debug|Any CPU
		{3CFC2E55-E99A-459B-97AF-FDAF6C3979E6}.Ad-Hoc|iPhoneSimulator.ActiveCfg = Debug|Any CPU
		{3CFC2E55-E99A-459B-97AF-FDAF6C3979E6}.Ad-Hoc|iPhoneSimulator.Build.0 = Debug|Any CPU
		{3CFC2E55-E99A-459B-97AF-FDAF6C3979E6}.Ad-Hoc|x64.ActiveCfg = Debug|Any CPU
		{3CFC2E55-E99A-459B-97AF-FDAF6C3979E6}.Ad-Hoc|x64.Build.0 = Debug|Any CPU
		{3CFC2E55-E99A-459B-97AF-FDAF6C3979E6}.Ad-Hoc|x86.ActiveCfg = Debug|Any CPU
		{3CFC2E55-E99A-459B-97AF-FDAF6C3979E6}.Ad-Hoc|x86.Build.0 = Debug|Any CPU
		{3CFC2E55-E99A-459B-97AF-FDAF6C3979E6}.AppStore|Any CPU.ActiveCfg = Debug|Any CPU
		{3CFC2E55-E99A-459B-97AF-FDAF6C3979E6}.AppStore|Any CPU.Build.0 = Debug|Any CPU
		{3CFC2E55-E99A-459B-97AF-FDAF6C3979E6}.AppStore|ARM.ActiveCfg = Debug|Any CPU
		{3CFC2E55-E99A-459B-97AF-FDAF6C3979E6}.AppStore|ARM.Build.0 = Debug|Any CPU
		{3CFC2E55-E99A-459B-97AF-FDAF6C3979E6}.AppStore|ARM64.ActiveCfg = Debug|Any CPU
		{3CFC2E55-E99A-459B-97AF-FDAF6C3979E6}.AppStore|ARM64.Build.0 = Debug|Any CPU
		{3CFC2E55-E99A-459B-97AF-FDAF6C3979E6}.AppStore|iPhone.ActiveCfg = Debug|Any CPU
		{3CFC2E55-E99A-459B-97AF-FDAF6C3979E6}.AppStore|iPhone.Build.0 = Debug|Any CPU
		{3CFC2E55-E99A-459B-97AF-FDAF6C3979E6}.AppStore|iPhoneSimulator.ActiveCfg = Debug|Any CPU
		{3CFC2E55-E99A-459B-97AF-FDAF6C3979E6}.AppStore|iPhoneSimulator.Build.0 = Debug|Any CPU
		{3CFC2E55-E99A-459B-97AF-FDAF6C3979E6}.AppStore|x64.ActiveCfg = Debug|Any CPU
		{3CFC2E55-E99A-459B-97AF-FDAF6C3979E6}.AppStore|x64.Build.0 = Debug|Any CPU
		{3CFC2E55-E99A-459B-97AF-FDAF6C3979E6}.AppStore|x86.ActiveCfg = Debug|Any CPU
		{3CFC2E55-E99A-459B-97AF-FDAF6C3979E6}.AppStore|x86.Build.0 = Debug|Any CPU
		{3CFC2E55-E99A-459B-97AF-FDAF6C3979E6}.Debug|Any CPU.ActiveCfg = Debug|Any CPU
		{3CFC2E55-E99A-459B-97AF-FDAF6C3979E6}.Debug|Any CPU.Build.0 = Debug|Any CPU
		{3CFC2E55-E99A-459B-97AF-FDAF6C3979E6}.Debug|ARM.ActiveCfg = Debug|Any CPU
		{3CFC2E55-E99A-459B-97AF-FDAF6C3979E6}.Debug|ARM.Build.0 = Debug|Any CPU
		{3CFC2E55-E99A-459B-97AF-FDAF6C3979E6}.Debug|ARM64.ActiveCfg = Debug|Any CPU
		{3CFC2E55-E99A-459B-97AF-FDAF6C3979E6}.Debug|ARM64.Build.0 = Debug|Any CPU
		{3CFC2E55-E99A-459B-97AF-FDAF6C3979E6}.Debug|iPhone.ActiveCfg = Debug|Any CPU
		{3CFC2E55-E99A-459B-97AF-FDAF6C3979E6}.Debug|iPhone.Build.0 = Debug|Any CPU
		{3CFC2E55-E99A-459B-97AF-FDAF6C3979E6}.Debug|iPhoneSimulator.ActiveCfg = Debug|Any CPU
		{3CFC2E55-E99A-459B-97AF-FDAF6C3979E6}.Debug|iPhoneSimulator.Build.0 = Debug|Any CPU
		{3CFC2E55-E99A-459B-97AF-FDAF6C3979E6}.Debug|x64.ActiveCfg = Debug|Any CPU
		{3CFC2E55-E99A-459B-97AF-FDAF6C3979E6}.Debug|x64.Build.0 = Debug|Any CPU
		{3CFC2E55-E99A-459B-97AF-FDAF6C3979E6}.Debug|x86.ActiveCfg = Debug|Any CPU
		{3CFC2E55-E99A-459B-97AF-FDAF6C3979E6}.Debug|x86.Build.0 = Debug|Any CPU
		{3CFC2E55-E99A-459B-97AF-FDAF6C3979E6}.Release|Any CPU.ActiveCfg = Release|Any CPU
		{3CFC2E55-E99A-459B-97AF-FDAF6C3979E6}.Release|Any CPU.Build.0 = Release|Any CPU
		{3CFC2E55-E99A-459B-97AF-FDAF6C3979E6}.Release|ARM.ActiveCfg = Release|Any CPU
		{3CFC2E55-E99A-459B-97AF-FDAF6C3979E6}.Release|ARM.Build.0 = Release|Any CPU
		{3CFC2E55-E99A-459B-97AF-FDAF6C3979E6}.Release|ARM64.ActiveCfg = Release|Any CPU
		{3CFC2E55-E99A-459B-97AF-FDAF6C3979E6}.Release|ARM64.Build.0 = Release|Any CPU
		{3CFC2E55-E99A-459B-97AF-FDAF6C3979E6}.Release|iPhone.ActiveCfg = Release|Any CPU
		{3CFC2E55-E99A-459B-97AF-FDAF6C3979E6}.Release|iPhone.Build.0 = Release|Any CPU
		{3CFC2E55-E99A-459B-97AF-FDAF6C3979E6}.Release|iPhoneSimulator.ActiveCfg = Release|Any CPU
		{3CFC2E55-E99A-459B-97AF-FDAF6C3979E6}.Release|iPhoneSimulator.Build.0 = Release|Any CPU
		{3CFC2E55-E99A-459B-97AF-FDAF6C3979E6}.Release|x64.ActiveCfg = Release|Any CPU
		{3CFC2E55-E99A-459B-97AF-FDAF6C3979E6}.Release|x64.Build.0 = Release|Any CPU
		{3CFC2E55-E99A-459B-97AF-FDAF6C3979E6}.Release|x86.ActiveCfg = Release|Any CPU
		{3CFC2E55-E99A-459B-97AF-FDAF6C3979E6}.Release|x86.Build.0 = Release|Any CPU
		{6707DB02-F6D3-44E1-9244-5D21CDA4B5A6}.Ad-Hoc|Any CPU.ActiveCfg = Debug|Any CPU
		{6707DB02-F6D3-44E1-9244-5D21CDA4B5A6}.Ad-Hoc|Any CPU.Build.0 = Debug|Any CPU
		{6707DB02-F6D3-44E1-9244-5D21CDA4B5A6}.Ad-Hoc|ARM.ActiveCfg = Debug|Any CPU
		{6707DB02-F6D3-44E1-9244-5D21CDA4B5A6}.Ad-Hoc|ARM.Build.0 = Debug|Any CPU
		{6707DB02-F6D3-44E1-9244-5D21CDA4B5A6}.Ad-Hoc|ARM64.ActiveCfg = Debug|Any CPU
		{6707DB02-F6D3-44E1-9244-5D21CDA4B5A6}.Ad-Hoc|ARM64.Build.0 = Debug|Any CPU
		{6707DB02-F6D3-44E1-9244-5D21CDA4B5A6}.Ad-Hoc|iPhone.ActiveCfg = Debug|Any CPU
		{6707DB02-F6D3-44E1-9244-5D21CDA4B5A6}.Ad-Hoc|iPhone.Build.0 = Debug|Any CPU
		{6707DB02-F6D3-44E1-9244-5D21CDA4B5A6}.Ad-Hoc|iPhoneSimulator.ActiveCfg = Debug|Any CPU
		{6707DB02-F6D3-44E1-9244-5D21CDA4B5A6}.Ad-Hoc|iPhoneSimulator.Build.0 = Debug|Any CPU
		{6707DB02-F6D3-44E1-9244-5D21CDA4B5A6}.Ad-Hoc|x64.ActiveCfg = Debug|Any CPU
		{6707DB02-F6D3-44E1-9244-5D21CDA4B5A6}.Ad-Hoc|x64.Build.0 = Debug|Any CPU
		{6707DB02-F6D3-44E1-9244-5D21CDA4B5A6}.Ad-Hoc|x86.ActiveCfg = Debug|Any CPU
		{6707DB02-F6D3-44E1-9244-5D21CDA4B5A6}.Ad-Hoc|x86.Build.0 = Debug|Any CPU
		{6707DB02-F6D3-44E1-9244-5D21CDA4B5A6}.AppStore|Any CPU.ActiveCfg = Debug|Any CPU
		{6707DB02-F6D3-44E1-9244-5D21CDA4B5A6}.AppStore|Any CPU.Build.0 = Debug|Any CPU
		{6707DB02-F6D3-44E1-9244-5D21CDA4B5A6}.AppStore|ARM.ActiveCfg = Debug|Any CPU
		{6707DB02-F6D3-44E1-9244-5D21CDA4B5A6}.AppStore|ARM.Build.0 = Debug|Any CPU
		{6707DB02-F6D3-44E1-9244-5D21CDA4B5A6}.AppStore|ARM64.ActiveCfg = Debug|Any CPU
		{6707DB02-F6D3-44E1-9244-5D21CDA4B5A6}.AppStore|ARM64.Build.0 = Debug|Any CPU
		{6707DB02-F6D3-44E1-9244-5D21CDA4B5A6}.AppStore|iPhone.ActiveCfg = Debug|Any CPU
		{6707DB02-F6D3-44E1-9244-5D21CDA4B5A6}.AppStore|iPhone.Build.0 = Debug|Any CPU
		{6707DB02-F6D3-44E1-9244-5D21CDA4B5A6}.AppStore|iPhoneSimulator.ActiveCfg = Debug|Any CPU
		{6707DB02-F6D3-44E1-9244-5D21CDA4B5A6}.AppStore|iPhoneSimulator.Build.0 = Debug|Any CPU
		{6707DB02-F6D3-44E1-9244-5D21CDA4B5A6}.AppStore|x64.ActiveCfg = Debug|Any CPU
		{6707DB02-F6D3-44E1-9244-5D21CDA4B5A6}.AppStore|x64.Build.0 = Debug|Any CPU
		{6707DB02-F6D3-44E1-9244-5D21CDA4B5A6}.AppStore|x86.ActiveCfg = Debug|Any CPU
		{6707DB02-F6D3-44E1-9244-5D21CDA4B5A6}.AppStore|x86.Build.0 = Debug|Any CPU
		{6707DB02-F6D3-44E1-9244-5D21CDA4B5A6}.Debug|Any CPU.ActiveCfg = Debug|Any CPU
		{6707DB02-F6D3-44E1-9244-5D21CDA4B5A6}.Debug|Any CPU.Build.0 = Debug|Any CPU
		{6707DB02-F6D3-44E1-9244-5D21CDA4B5A6}.Debug|ARM.ActiveCfg = Debug|Any CPU
		{6707DB02-F6D3-44E1-9244-5D21CDA4B5A6}.Debug|ARM.Build.0 = Debug|Any CPU
		{6707DB02-F6D3-44E1-9244-5D21CDA4B5A6}.Debug|ARM64.ActiveCfg = Debug|Any CPU
		{6707DB02-F6D3-44E1-9244-5D21CDA4B5A6}.Debug|ARM64.Build.0 = Debug|Any CPU
		{6707DB02-F6D3-44E1-9244-5D21CDA4B5A6}.Debug|iPhone.ActiveCfg = Debug|Any CPU
		{6707DB02-F6D3-44E1-9244-5D21CDA4B5A6}.Debug|iPhone.Build.0 = Debug|Any CPU
		{6707DB02-F6D3-44E1-9244-5D21CDA4B5A6}.Debug|iPhoneSimulator.ActiveCfg = Debug|Any CPU
		{6707DB02-F6D3-44E1-9244-5D21CDA4B5A6}.Debug|iPhoneSimulator.Build.0 = Debug|Any CPU
		{6707DB02-F6D3-44E1-9244-5D21CDA4B5A6}.Debug|x64.ActiveCfg = Debug|Any CPU
		{6707DB02-F6D3-44E1-9244-5D21CDA4B5A6}.Debug|x64.Build.0 = Debug|Any CPU
		{6707DB02-F6D3-44E1-9244-5D21CDA4B5A6}.Debug|x86.ActiveCfg = Debug|Any CPU
		{6707DB02-F6D3-44E1-9244-5D21CDA4B5A6}.Debug|x86.Build.0 = Debug|Any CPU
		{6707DB02-F6D3-44E1-9244-5D21CDA4B5A6}.Release|Any CPU.ActiveCfg = Release|Any CPU
		{6707DB02-F6D3-44E1-9244-5D21CDA4B5A6}.Release|Any CPU.Build.0 = Release|Any CPU
		{6707DB02-F6D3-44E1-9244-5D21CDA4B5A6}.Release|ARM.ActiveCfg = Release|Any CPU
		{6707DB02-F6D3-44E1-9244-5D21CDA4B5A6}.Release|ARM.Build.0 = Release|Any CPU
		{6707DB02-F6D3-44E1-9244-5D21CDA4B5A6}.Release|ARM64.ActiveCfg = Release|Any CPU
		{6707DB02-F6D3-44E1-9244-5D21CDA4B5A6}.Release|ARM64.Build.0 = Release|Any CPU
		{6707DB02-F6D3-44E1-9244-5D21CDA4B5A6}.Release|iPhone.ActiveCfg = Release|Any CPU
		{6707DB02-F6D3-44E1-9244-5D21CDA4B5A6}.Release|iPhone.Build.0 = Release|Any CPU
		{6707DB02-F6D3-44E1-9244-5D21CDA4B5A6}.Release|iPhoneSimulator.ActiveCfg = Release|Any CPU
		{6707DB02-F6D3-44E1-9244-5D21CDA4B5A6}.Release|iPhoneSimulator.Build.0 = Release|Any CPU
		{6707DB02-F6D3-44E1-9244-5D21CDA4B5A6}.Release|x64.ActiveCfg = Release|Any CPU
		{6707DB02-F6D3-44E1-9244-5D21CDA4B5A6}.Release|x64.Build.0 = Release|Any CPU
		{6707DB02-F6D3-44E1-9244-5D21CDA4B5A6}.Release|x86.ActiveCfg = Release|Any CPU
		{6707DB02-F6D3-44E1-9244-5D21CDA4B5A6}.Release|x86.Build.0 = Release|Any CPU
		{18F08715-7F69-4F9E-9119-8E116D6380D3}.Ad-Hoc|Any CPU.ActiveCfg = Debug|Any CPU
		{18F08715-7F69-4F9E-9119-8E116D6380D3}.Ad-Hoc|Any CPU.Build.0 = Debug|Any CPU
		{18F08715-7F69-4F9E-9119-8E116D6380D3}.Ad-Hoc|ARM.ActiveCfg = Debug|Any CPU
		{18F08715-7F69-4F9E-9119-8E116D6380D3}.Ad-Hoc|ARM.Build.0 = Debug|Any CPU
		{18F08715-7F69-4F9E-9119-8E116D6380D3}.Ad-Hoc|ARM64.ActiveCfg = Debug|Any CPU
		{18F08715-7F69-4F9E-9119-8E116D6380D3}.Ad-Hoc|ARM64.Build.0 = Debug|Any CPU
		{18F08715-7F69-4F9E-9119-8E116D6380D3}.Ad-Hoc|iPhone.ActiveCfg = Debug|Any CPU
		{18F08715-7F69-4F9E-9119-8E116D6380D3}.Ad-Hoc|iPhone.Build.0 = Debug|Any CPU
		{18F08715-7F69-4F9E-9119-8E116D6380D3}.Ad-Hoc|iPhoneSimulator.ActiveCfg = Debug|Any CPU
		{18F08715-7F69-4F9E-9119-8E116D6380D3}.Ad-Hoc|iPhoneSimulator.Build.0 = Debug|Any CPU
		{18F08715-7F69-4F9E-9119-8E116D6380D3}.Ad-Hoc|x64.ActiveCfg = Debug|Any CPU
		{18F08715-7F69-4F9E-9119-8E116D6380D3}.Ad-Hoc|x64.Build.0 = Debug|Any CPU
		{18F08715-7F69-4F9E-9119-8E116D6380D3}.Ad-Hoc|x86.ActiveCfg = Debug|Any CPU
		{18F08715-7F69-4F9E-9119-8E116D6380D3}.Ad-Hoc|x86.Build.0 = Debug|Any CPU
		{18F08715-7F69-4F9E-9119-8E116D6380D3}.AppStore|Any CPU.ActiveCfg = Debug|Any CPU
		{18F08715-7F69-4F9E-9119-8E116D6380D3}.AppStore|Any CPU.Build.0 = Debug|Any CPU
		{18F08715-7F69-4F9E-9119-8E116D6380D3}.AppStore|ARM.ActiveCfg = Debug|Any CPU
		{18F08715-7F69-4F9E-9119-8E116D6380D3}.AppStore|ARM.Build.0 = Debug|Any CPU
		{18F08715-7F69-4F9E-9119-8E116D6380D3}.AppStore|ARM64.ActiveCfg = Debug|Any CPU
		{18F08715-7F69-4F9E-9119-8E116D6380D3}.AppStore|ARM64.Build.0 = Debug|Any CPU
		{18F08715-7F69-4F9E-9119-8E116D6380D3}.AppStore|iPhone.ActiveCfg = Debug|Any CPU
		{18F08715-7F69-4F9E-9119-8E116D6380D3}.AppStore|iPhone.Build.0 = Debug|Any CPU
		{18F08715-7F69-4F9E-9119-8E116D6380D3}.AppStore|iPhoneSimulator.ActiveCfg = Debug|Any CPU
		{18F08715-7F69-4F9E-9119-8E116D6380D3}.AppStore|iPhoneSimulator.Build.0 = Debug|Any CPU
		{18F08715-7F69-4F9E-9119-8E116D6380D3}.AppStore|x64.ActiveCfg = Debug|Any CPU
		{18F08715-7F69-4F9E-9119-8E116D6380D3}.AppStore|x64.Build.0 = Debug|Any CPU
		{18F08715-7F69-4F9E-9119-8E116D6380D3}.AppStore|x86.ActiveCfg = Debug|Any CPU
		{18F08715-7F69-4F9E-9119-8E116D6380D3}.AppStore|x86.Build.0 = Debug|Any CPU
		{18F08715-7F69-4F9E-9119-8E116D6380D3}.Debug|Any CPU.ActiveCfg = Debug|Any CPU
		{18F08715-7F69-4F9E-9119-8E116D6380D3}.Debug|Any CPU.Build.0 = Debug|Any CPU
		{18F08715-7F69-4F9E-9119-8E116D6380D3}.Debug|ARM.ActiveCfg = Debug|Any CPU
		{18F08715-7F69-4F9E-9119-8E116D6380D3}.Debug|ARM.Build.0 = Debug|Any CPU
		{18F08715-7F69-4F9E-9119-8E116D6380D3}.Debug|ARM64.ActiveCfg = Debug|Any CPU
		{18F08715-7F69-4F9E-9119-8E116D6380D3}.Debug|ARM64.Build.0 = Debug|Any CPU
		{18F08715-7F69-4F9E-9119-8E116D6380D3}.Debug|iPhone.ActiveCfg = Debug|Any CPU
		{18F08715-7F69-4F9E-9119-8E116D6380D3}.Debug|iPhone.Build.0 = Debug|Any CPU
		{18F08715-7F69-4F9E-9119-8E116D6380D3}.Debug|iPhoneSimulator.ActiveCfg = Debug|Any CPU
		{18F08715-7F69-4F9E-9119-8E116D6380D3}.Debug|iPhoneSimulator.Build.0 = Debug|Any CPU
		{18F08715-7F69-4F9E-9119-8E116D6380D3}.Debug|x64.ActiveCfg = Debug|Any CPU
		{18F08715-7F69-4F9E-9119-8E116D6380D3}.Debug|x64.Build.0 = Debug|Any CPU
		{18F08715-7F69-4F9E-9119-8E116D6380D3}.Debug|x86.ActiveCfg = Debug|Any CPU
		{18F08715-7F69-4F9E-9119-8E116D6380D3}.Debug|x86.Build.0 = Debug|Any CPU
		{18F08715-7F69-4F9E-9119-8E116D6380D3}.Release|Any CPU.ActiveCfg = Release|Any CPU
		{18F08715-7F69-4F9E-9119-8E116D6380D3}.Release|Any CPU.Build.0 = Release|Any CPU
		{18F08715-7F69-4F9E-9119-8E116D6380D3}.Release|ARM.ActiveCfg = Release|Any CPU
		{18F08715-7F69-4F9E-9119-8E116D6380D3}.Release|ARM.Build.0 = Release|Any CPU
		{18F08715-7F69-4F9E-9119-8E116D6380D3}.Release|ARM64.ActiveCfg = Release|Any CPU
		{18F08715-7F69-4F9E-9119-8E116D6380D3}.Release|ARM64.Build.0 = Release|Any CPU
		{18F08715-7F69-4F9E-9119-8E116D6380D3}.Release|iPhone.ActiveCfg = Release|Any CPU
		{18F08715-7F69-4F9E-9119-8E116D6380D3}.Release|iPhone.Build.0 = Release|Any CPU
		{18F08715-7F69-4F9E-9119-8E116D6380D3}.Release|iPhoneSimulator.ActiveCfg = Release|Any CPU
		{18F08715-7F69-4F9E-9119-8E116D6380D3}.Release|iPhoneSimulator.Build.0 = Release|Any CPU
		{18F08715-7F69-4F9E-9119-8E116D6380D3}.Release|x64.ActiveCfg = Release|Any CPU
		{18F08715-7F69-4F9E-9119-8E116D6380D3}.Release|x64.Build.0 = Release|Any CPU
		{18F08715-7F69-4F9E-9119-8E116D6380D3}.Release|x86.ActiveCfg = Release|Any CPU
		{18F08715-7F69-4F9E-9119-8E116D6380D3}.Release|x86.Build.0 = Release|Any CPU
	EndGlobalSection
	GlobalSection(SolutionProperties) = preSolution
		HideSolutionNode = FALSE
	EndGlobalSection
	GlobalSection(NestedProjects) = preSolution
		{A9C64684-102E-401F-8EDB-00530E0131C9} = {C9BBB596-8DBC-4831-88A4-960AC0FD983B}
		{FF43C010-D265-42A3-9A85-1011D31F2442} = {C9BBB596-8DBC-4831-88A4-960AC0FD983B}
		{935A1762-AC64-420F-B013-EBFBE9FEC42E} = {C9BBB596-8DBC-4831-88A4-960AC0FD983B}
		{4CAFCF99-0C12-4D75-87A6-EDFB38DA913B} = {C9BBB596-8DBC-4831-88A4-960AC0FD983B}
		{F18908F6-A85C-44AD-8AB1-26480D4210C8} = {C9BBB596-8DBC-4831-88A4-960AC0FD983B}
		{B7149A02-21B7-42BA-BEC1-8C1D6FE0008F} = {C9BBB596-8DBC-4831-88A4-960AC0FD983B}
		{FA4E2EA6-5D4F-47AA-A308-C750A9124431} = {C9BBB596-8DBC-4831-88A4-960AC0FD983B}
		{3CFC2E55-E99A-459B-97AF-FDAF6C3979E6} = {C9BBB596-8DBC-4831-88A4-960AC0FD983B}
		{6707DB02-F6D3-44E1-9244-5D21CDA4B5A6} = {C9BBB596-8DBC-4831-88A4-960AC0FD983B}
	EndGlobalSection
	GlobalSection(ExtensibilityGlobals) = postSolution
		SolutionGuid = {3958C006-65EA-4A65-8796-7057A99AAC2B}
	EndGlobalSection
EndGlobal
